<?xml version="1.0" encoding="utf-8"?>
<Project ToolsVersion="4.0" xmlns="http://schemas.microsoft.com/developer/msbuild/2003">
  <ItemGroup>
    <Filter Include="Source Files">
      <UniqueIdentifier>{4FC737F1-C7A5-4376-A066-2A32D752A2FF}</UniqueIdentifier>
      <Extensions>cpp;c;cc;cxx;def;odl;idl;hpj;bat;asm;asmx</Extensions>
    </Filter>
    <Filter Include="Header Files">
      <UniqueIdentifier>{93995380-89BD-4b04-88EB-625FBE52EBFB}</UniqueIdentifier>
      <Extensions>h;hh;hpp;hxx;hm;inl;inc;xsd</Extensions>
    </Filter>
    <Filter Include="Resource Files">
      <UniqueIdentifier>{D9D6E242-F8AF-46E4-B9FD-80ECBC20BA3E}</UniqueIdentifier>
      <Extensions>qrc;*</Extensions>
      <ParseFiles>false</ParseFiles>
    </Filter>
    <Filter Include="Resource Files">
      <UniqueIdentifier>{D9D6E242-F8AF-46E4-B9FD-80ECBC20BA3E}</UniqueIdentifier>
      <Extensions>qrc;*</Extensions>
      <ParseFiles>false</ParseFiles>
    </Filter>
    <Filter Include="Generated Files">
      <UniqueIdentifier>{71ED8ED8-ACB9-4CE9-BBE1-E00B30144E11}</UniqueIdentifier>
      <Extensions>moc;h;cpp</Extensions>
      <SourceControlFiles>False</SourceControlFiles>
    </Filter>
    <Filter Include="Map">
      <UniqueIdentifier>{14c6dfb9-ebd0-44a1-a239-feca97d31f10}</UniqueIdentifier>
    </Filter>
    <Filter Include="Tracker">
      <UniqueIdentifier>{1864b429-3350-434f-927e-f625518bde8d}</UniqueIdentifier>
    </Filter>
  </ItemGroup>
  <ItemGroup>
    <ClCompile Include="GeoQtFrameWork.cpp">
      <Filter>Source Files</Filter>
    </ClCompile>
    <ClCompile Include="Map\MapView.cpp">
      <Filter>Map</Filter>
    </ClCompile>
    <ClCompile Include="Tracker\Tracker.cpp">
      <Filter>Tracker</Filter>
    </ClCompile>
  </ItemGroup>
  <ItemGroup>
    <ClInclude Include="GeoQtFrameWork.h">
      <Filter>Header Files</Filter>
    </ClInclude>
    <ClInclude Include="..\include\QtFramework\Map\MapView.h">
      <Filter>Map</Filter>
    </ClInclude>
    <ClInclude Include="..\include\QtFramework\Tracker\Tracker.h">
      <Filter>Tracker</Filter>
    </ClInclude>
    <ClInclude Include="..\include\QtFramework\geoqtframework_global.h">
      <Filter>Header Files</Filter>
    </ClInclude>
  </ItemGroup>
</Project>